
Microsoft Visual Studio Solution File, Format Version 12.00
# Visual Studio Version 16
VisualStudioVersion = 16.0.31313.79
MinimumVisualStudioVersion = 10.0.40219.1
Project("{2150E333-8FDC-42A3-9474-1A3956D46DE8}") = "Chapter02", "Chapter02", "{FFF4AE6A-A160-4057-BE57-0C20DA517E3A}"
EndProject
Project("{FAE04EC0-301F-11D3-BF4B-00C04F79EFBC}") = "DistanceConverter", "DistanceConverter\DistanceConverter.csproj", "{4D60E9EB-EE69-43E4-9C41-E180950B7618}"
EndProject
Project("{FAE04EC0-301F-11D3-BF4B-00C04F79EFBC}") = "SalesCalculator", "SalesCalculator\SalesCalculator.csproj", "{36FC0ACD-F0C1-410C-B78F-A4112AEEF474}"
EndProject
Project("{FAE04EC0-301F-11D3-BF4B-00C04F79EFBC}") = "Exercise1", "Exercise1\Exercise1.csproj", "{1FF8DB50-A05E-4F88-B1A9-D4FE77499873}"
EndProject
Project("{2150E333-8FDC-42A3-9474-1A3956D46DE8}") = "Exercise", "Exercise", "{3AED2F64-68CA-4623-83EA-9168242B200E}"
EndProject
Project("{FAE04EC0-301F-11D3-BF4B-00C04F79EFBC}") = "Exercise2", "Exercise2\Exercise2.csproj", "{DE04DBA9-3B4A-4BF8-990E-48E499AEEA71}"
EndProject
Project("{FAE04EC0-301F-11D3-BF4B-00C04F79EFBC}") = "Exercise3", "Exercise3\Exercise3.csproj", "{5A4F1DB6-FA96-4AF5-884C-26A6D8BC166D}"
EndProject
Project("{2150E333-8FDC-42A3-9474-1A3956D46DE8}") = "Chapter03", "Chapter03", "{94038163-E8CD-497E-80F4-BAA8C42B3B8A}"
EndProject
Project("{FAE04EC0-301F-11D3-BF4B-00C04F79EFBC}") = "Section01", "Section01\Section01.csproj", "{F93D127D-DE03-4A90-96E8-8FA813E50CB9}"
EndProject
Project("{FAE04EC0-301F-11D3-BF4B-00C04F79EFBC}") = "Section01", "Chapter04\Section01\Section01.csproj", "{272D1AD0-D278-48A6-9CCE-14C292D5DC10}"
EndProject
Project("{2150E333-8FDC-42A3-9474-1A3956D46DE8}") = "Chapter04", "Chapter04", "{43946441-915A-4140-B056-AF32739032F1}"
	ProjectSection(SolutionItems) = preProject
		\\172.16.42.1\学生共有\#infosys2021\１期目\Person.cs = \\172.16.42.1\学生共有\#infosys2021\１期目\Person.cs
	EndProjectSection
EndProject
Project("{FAE04EC0-301F-11D3-BF4B-00C04F79EFBC}") = "Exercise1", "Chapter04\Exercise\Exercise1\Exercise1.csproj", "{BB4E6CF6-5093-487D-90AF-036AF68541CD}"
EndProject
Project("{2150E333-8FDC-42A3-9474-1A3956D46DE8}") = "Exercise", "Exercise", "{C10B2932-8A88-4BA2-A104-ECA2C5852502}"
EndProject
Project("{FAE04EC0-301F-11D3-BF4B-00C04F79EFBC}") = "Exercise2", "Chapter04\Exercise\Exercise2\Exercise2.csproj", "{D2607A86-476C-4F83-A43C-6353922D3D44}"
EndProject
Project("{2150E333-8FDC-42A3-9474-1A3956D46DE8}") = "Chapter05", "Chapter05", "{14F540D0-33CF-4506-B0AA-123E6A0F3F96}"
EndProject
Project("{FAE04EC0-301F-11D3-BF4B-00C04F79EFBC}") = "Exercise1", "Chapter5\Exercise1\Exercise1.csproj", "{DDD8E181-26AA-4236-9D4A-7B2696AA3514}"
EndProject
Project("{FAE04EC0-301F-11D3-BF4B-00C04F79EFBC}") = "Exercise3", "Chapter5\Exercise3\Exercise3.csproj", "{2754D27B-02D9-4050-871C-A1E4ED7E8B49}"
EndProject
Project("{FAE04EC0-301F-11D3-BF4B-00C04F79EFBC}") = "Exercise2", "Chapter5\Exercise2\Exercise2.csproj", "{3ED21F01-EE41-4877-890B-F08D05EF5924}"
EndProject
Project("{FAE04EC0-301F-11D3-BF4B-00C04F79EFBC}") = "Section01", "Chapter06\Section01\Section01.csproj", "{9192B5F7-5178-4009-A57B-F6700DBC8CD8}"
EndProject
Project("{2150E333-8FDC-42A3-9474-1A3956D46DE8}") = "Chapter06", "Chapter06", "{F77CE02B-298B-4E72-95A7-4D1644BABC8A}"
EndProject
Project("{FAE04EC0-301F-11D3-BF4B-00C04F79EFBC}") = "Exercise1", "Chapter06\Exercise\Exercise1\Exercise1.csproj", "{7C779BFF-2E56-4419-B70F-DCB7741D755E}"
EndProject
Project("{FAE04EC0-301F-11D3-BF4B-00C04F79EFBC}") = "Test01", "TestProject\Test01\Test01.csproj", "{2BFACDC3-F44D-4199-8498-F5C3C4AC0335}"
EndProject
Project("{FAE04EC0-301F-11D3-BF4B-00C04F79EFBC}") = "Test02", "TestProject\Test02\Test02.csproj", "{E461C0A8-8900-485C-B520-E929BA33F712}"
EndProject
Project("{2150E333-8FDC-42A3-9474-1A3956D46DE8}") = "TestProject", "TestProject", "{C4295653-B394-4316-B95A-193A0AF4675B}"
EndProject
Project("{FAE04EC0-301F-11D3-BF4B-00C04F79EFBC}") = "Exercise2", "Chapter06\Exercise2\Exercise2.csproj", "{EF71BE98-5538-4087-B6A0-26B1CF50FED3}"
EndProject
Project("{2150E333-8FDC-42A3-9474-1A3956D46DE8}") = "Chapter07", "Chapter07", "{418B00DA-1DC0-43C6-951E-DC03BC28F6FD}"
EndProject
Project("{FAE04EC0-301F-11D3-BF4B-00C04F79EFBC}") = "Exercise1", "Chapter07\Exercise1\Exercise1.csproj", "{6061DE97-0D08-42F5-8564-1D077D34676C}"
EndProject
Project("{FAE04EC0-301F-11D3-BF4B-00C04F79EFBC}") = "Section03", "Chapter07\Section03\Section03.csproj", "{9666A25E-BC82-487A-A2BF-FF02E7DD010C}"
EndProject
Project("{2150E333-8FDC-42A3-9474-1A3956D46DE8}") = "Chapter08", "Chapter08", "{92D23F35-EDB7-4545-8639-3D916A7A0940}"
EndProject
Project("{FAE04EC0-301F-11D3-BF4B-00C04F79EFBC}") = "Exercise1", "Chapter08\Exercise1\Exercise1.csproj", "{B475B59A-F884-43DD-9149-37F4DADC82F6}"
EndProject
Project("{2150E333-8FDC-42A3-9474-1A3956D46DE8}") = "Exercise", "Exercise", "{6797E1F4-4B4C-480A-B659-3AC1F4CEEB70}"
EndProject
Project("{FAE04EC0-301F-11D3-BF4B-00C04F79EFBC}") = "Exercise1", "Chapter08\Exercise\Exercise1\Exercise1.csproj", "{CE3E6F94-1BF6-4F9F-B406-8E476C3FDE99}"
EndProject
Project("{2150E333-8FDC-42A3-9474-1A3956D46DE8}") = "CarReport", "CarReport", "{4B0AD0D8-875E-4F78-8035-675BB94FCC12}"
EndProject
Project("{FAE04EC0-301F-11D3-BF4B-00C04F79EFBC}") = "CarReportSystem", "CarReportSystem\CarReportSystem\CarReportSystem.csproj", "{2075FFAD-8E0D-402B-8D86-71E6A976C97B}"
EndProject
Project("{FAE04EC0-301F-11D3-BF4B-00C04F79EFBC}") = "Exercise1", "Chapter09\Exercise1\Exercise1.csproj", "{8C3A41B3-47C9-4105-B494-1094FA272B7C}"
EndProject
Project("{2150E333-8FDC-42A3-9474-1A3956D46DE8}") = "Chapter09", "Chapter09", "{2B02B96A-5B35-42A4-A099-AB490FD67D55}"
EndProject
Project("{FAE04EC0-301F-11D3-BF4B-00C04F79EFBC}") = "Exercise2", "Chapter09\WindowsFormsApp1\Exercise2.csproj", "{EAB8BDF3-D52D-45EC-BB22-B88040A1907B}"
EndProject
Project("{FAE04EC0-301F-11D3-BF4B-00C04F79EFBC}") = "Exercise3", "Chapter09\Exercise3\Exercise3.csproj", "{59DC0F8C-78BA-4F8A-872E-7612CD083DDE}"
EndProject
Project("{FAE04EC0-301F-11D3-BF4B-00C04F79EFBC}") = "Section11", "Section11\Section11.csproj", "{D476E4FB-8652-45BE-8593-F3581B97705B}"
EndProject
Project("{2150E333-8FDC-42A3-9474-1A3956D46DE8}") = "Chapter11", "Chapter11", "{FBE9BD5F-047F-48A9-B350-89285EA61F82}"
	ProjectSection(SolutionItems) = preProject
		..\..\..\..\Downloads\novelists.xml = ..\..\..\..\Downloads\novelists.xml
	EndProjectSection
EndProject
Project("{FAE04EC0-301F-11D3-BF4B-00C04F79EFBC}") = "Exercise", "Chapter11\Exercise\Exercise.csproj", "{F4670213-B8B6-4EEA-ADD7-47CB59379CD7}"
EndProject
Project("{FAE04EC0-301F-11D3-BF4B-00C04F79EFBC}") = "Section02", "Chapter11\Section02\Section02.csproj", "{F60855E9-AA3B-45BC-A6A9-4592F9EFCB49}"
EndProject
Project("{2150E333-8FDC-42A3-9474-1A3956D46DE8}") = "Chapter14", "Chapter14", "{5FA642AC-0103-4C1C-8996-7BF92CB4DA38}"
EndProject
Project("{FAE04EC0-301F-11D3-BF4B-00C04F79EFBC}") = "Section04", "Chapter14\ConsoleApp1\Section04.csproj", "{BBA76F47-1292-4F4E-A96F-142EACDD693B}"
EndProject
Project("{2150E333-8FDC-42A3-9474-1A3956D46DE8}") = "WeatherApp", "WeatherApp", "{8D73A280-03D2-4D12-922D-13625315A6E8}"
EndProject
Project("{FAE04EC0-301F-11D3-BF4B-00C04F79EFBC}") = "WeatherApp", "WeatherApp\WeatherApp\WeatherApp.csproj", "{94B78F63-36D2-4AF6-9161-704E0C028707}"
EndProject
Project("{2150E333-8FDC-42A3-9474-1A3956D46DE8}") = "Rssreader9.10", "Rssreader9.10", "{19FFCF65-9A26-4BCB-A450-9FCD98270DF0}"
EndProject
Project("{FAE04EC0-301F-11D3-BF4B-00C04F79EFBC}") = "RssReader", "..\..\OOP2021\RssReader\RssReader\RssReader.csproj", "{4218FFF4-CA1C-4E87-9E7C-6718FC1E7C1F}"
EndProject
Project("{2150E333-8FDC-42A3-9474-1A3956D46DE8}") = "SendMail", "SendMail", "{954C71AD-51D8-4E4E-904E-3107760DDCCC}"
EndProject
Project("{FAE04EC0-301F-11D3-BF4B-00C04F79EFBC}") = "SendMail", "SendMail\SendMail\SendMail.csproj", "{FA74DC63-223B-4DF4-B772-E147C90CEA87}"
EndProject
Global
	GlobalSection(SolutionConfigurationPlatforms) = preSolution
		Debug|Any CPU = Debug|Any CPU
		Release|Any CPU = Release|Any CPU
	EndGlobalSection
	GlobalSection(ProjectConfigurationPlatforms) = postSolution
		{4D60E9EB-EE69-43E4-9C41-E180950B7618}.Debug|Any CPU.ActiveCfg = Debug|Any CPU
		{4D60E9EB-EE69-43E4-9C41-E180950B7618}.Debug|Any CPU.Build.0 = Debug|Any CPU
		{4D60E9EB-EE69-43E4-9C41-E180950B7618}.Release|Any CPU.ActiveCfg = Release|Any CPU
		{4D60E9EB-EE69-43E4-9C41-E180950B7618}.Release|Any CPU.Build.0 = Release|Any CPU
		{36FC0ACD-F0C1-410C-B78F-A4112AEEF474}.Debug|Any CPU.ActiveCfg = Debug|Any CPU
		{36FC0ACD-F0C1-410C-B78F-A4112AEEF474}.Debug|Any CPU.Build.0 = Debug|Any CPU
		{36FC0ACD-F0C1-410C-B78F-A4112AEEF474}.Release|Any CPU.ActiveCfg = Release|Any CPU
		{36FC0ACD-F0C1-410C-B78F-A4112AEEF474}.Release|Any CPU.Build.0 = Release|Any CPU
		{1FF8DB50-A05E-4F88-B1A9-D4FE77499873}.Debug|Any CPU.ActiveCfg = Debug|Any CPU
		{1FF8DB50-A05E-4F88-B1A9-D4FE77499873}.Debug|Any CPU.Build.0 = Debug|Any CPU
		{1FF8DB50-A05E-4F88-B1A9-D4FE77499873}.Release|Any CPU.ActiveCfg = Release|Any CPU
		{1FF8DB50-A05E-4F88-B1A9-D4FE77499873}.Release|Any CPU.Build.0 = Release|Any CPU
		{DE04DBA9-3B4A-4BF8-990E-48E499AEEA71}.Debug|Any CPU.ActiveCfg = Debug|Any CPU
		{DE04DBA9-3B4A-4BF8-990E-48E499AEEA71}.Debug|Any CPU.Build.0 = Debug|Any CPU
		{DE04DBA9-3B4A-4BF8-990E-48E499AEEA71}.Release|Any CPU.ActiveCfg = Release|Any CPU
		{DE04DBA9-3B4A-4BF8-990E-48E499AEEA71}.Release|Any CPU.Build.0 = Release|Any CPU
		{5A4F1DB6-FA96-4AF5-884C-26A6D8BC166D}.Debug|Any CPU.ActiveCfg = Debug|Any CPU
		{5A4F1DB6-FA96-4AF5-884C-26A6D8BC166D}.Debug|Any CPU.Build.0 = Debug|Any CPU
		{5A4F1DB6-FA96-4AF5-884C-26A6D8BC166D}.Release|Any CPU.ActiveCfg = Release|Any CPU
		{5A4F1DB6-FA96-4AF5-884C-26A6D8BC166D}.Release|Any CPU.Build.0 = Release|Any CPU
		{F93D127D-DE03-4A90-96E8-8FA813E50CB9}.Debug|Any CPU.ActiveCfg = Debug|Any CPU
		{F93D127D-DE03-4A90-96E8-8FA813E50CB9}.Debug|Any CPU.Build.0 = Debug|Any CPU
		{F93D127D-DE03-4A90-96E8-8FA813E50CB9}.Release|Any CPU.ActiveCfg = Release|Any CPU
		{F93D127D-DE03-4A90-96E8-8FA813E50CB9}.Release|Any CPU.Build.0 = Release|Any CPU
		{272D1AD0-D278-48A6-9CCE-14C292D5DC10}.Debug|Any CPU.ActiveCfg = Debug|Any CPU
		{272D1AD0-D278-48A6-9CCE-14C292D5DC10}.Debug|Any CPU.Build.0 = Debug|Any CPU
		{272D1AD0-D278-48A6-9CCE-14C292D5DC10}.Release|Any CPU.ActiveCfg = Release|Any CPU
		{272D1AD0-D278-48A6-9CCE-14C292D5DC10}.Release|Any CPU.Build.0 = Release|Any CPU
		{BB4E6CF6-5093-487D-90AF-036AF68541CD}.Debug|Any CPU.ActiveCfg = Debug|Any CPU
		{BB4E6CF6-5093-487D-90AF-036AF68541CD}.Debug|Any CPU.Build.0 = Debug|Any CPU
		{BB4E6CF6-5093-487D-90AF-036AF68541CD}.Release|Any CPU.ActiveCfg = Release|Any CPU
		{BB4E6CF6-5093-487D-90AF-036AF68541CD}.Release|Any CPU.Build.0 = Release|Any CPU
		{D2607A86-476C-4F83-A43C-6353922D3D44}.Debug|Any CPU.ActiveCfg = Debug|Any CPU
		{D2607A86-476C-4F83-A43C-6353922D3D44}.Debug|Any CPU.Build.0 = Debug|Any CPU
		{D2607A86-476C-4F83-A43C-6353922D3D44}.Release|Any CPU.ActiveCfg = Release|Any CPU
		{D2607A86-476C-4F83-A43C-6353922D3D44}.Release|Any CPU.Build.0 = Release|Any CPU
		{DDD8E181-26AA-4236-9D4A-7B2696AA3514}.Debug|Any CPU.ActiveCfg = Debug|Any CPU
		{DDD8E181-26AA-4236-9D4A-7B2696AA3514}.Debug|Any CPU.Build.0 = Debug|Any CPU
		{DDD8E181-26AA-4236-9D4A-7B2696AA3514}.Release|Any CPU.ActiveCfg = Release|Any CPU
		{DDD8E181-26AA-4236-9D4A-7B2696AA3514}.Release|Any CPU.Build.0 = Release|Any CPU
		{2754D27B-02D9-4050-871C-A1E4ED7E8B49}.Debug|Any CPU.ActiveCfg = Debug|Any CPU
		{2754D27B-02D9-4050-871C-A1E4ED7E8B49}.Debug|Any CPU.Build.0 = Debug|Any CPU
		{2754D27B-02D9-4050-871C-A1E4ED7E8B49}.Release|Any CPU.ActiveCfg = Release|Any CPU
		{2754D27B-02D9-4050-871C-A1E4ED7E8B49}.Release|Any CPU.Build.0 = Release|Any CPU
		{3ED21F01-EE41-4877-890B-F08D05EF5924}.Debug|Any CPU.ActiveCfg = Debug|Any CPU
		{3ED21F01-EE41-4877-890B-F08D05EF5924}.Debug|Any CPU.Build.0 = Debug|Any CPU
		{3ED21F01-EE41-4877-890B-F08D05EF5924}.Release|Any CPU.ActiveCfg = Release|Any CPU
		{3ED21F01-EE41-4877-890B-F08D05EF5924}.Release|Any CPU.Build.0 = Release|Any CPU
		{9192B5F7-5178-4009-A57B-F6700DBC8CD8}.Debug|Any CPU.ActiveCfg = Debug|Any CPU
		{9192B5F7-5178-4009-A57B-F6700DBC8CD8}.Debug|Any CPU.Build.0 = Debug|Any CPU
		{9192B5F7-5178-4009-A57B-F6700DBC8CD8}.Release|Any CPU.ActiveCfg = Release|Any CPU
		{9192B5F7-5178-4009-A57B-F6700DBC8CD8}.Release|Any CPU.Build.0 = Release|Any CPU
		{7C779BFF-2E56-4419-B70F-DCB7741D755E}.Debug|Any CPU.ActiveCfg = Debug|Any CPU
		{7C779BFF-2E56-4419-B70F-DCB7741D755E}.Debug|Any CPU.Build.0 = Debug|Any CPU
		{7C779BFF-2E56-4419-B70F-DCB7741D755E}.Release|Any CPU.ActiveCfg = Release|Any CPU
		{7C779BFF-2E56-4419-B70F-DCB7741D755E}.Release|Any CPU.Build.0 = Release|Any CPU
		{2BFACDC3-F44D-4199-8498-F5C3C4AC0335}.Debug|Any CPU.ActiveCfg = Debug|Any CPU
		{2BFACDC3-F44D-4199-8498-F5C3C4AC0335}.Debug|Any CPU.Build.0 = Debug|Any CPU
		{2BFACDC3-F44D-4199-8498-F5C3C4AC0335}.Release|Any CPU.ActiveCfg = Release|Any CPU
		{2BFACDC3-F44D-4199-8498-F5C3C4AC0335}.Release|Any CPU.Build.0 = Release|Any CPU
		{E461C0A8-8900-485C-B520-E929BA33F712}.Debug|Any CPU.ActiveCfg = Debug|Any CPU
		{E461C0A8-8900-485C-B520-E929BA33F712}.Debug|Any CPU.Build.0 = Debug|Any CPU
		{E461C0A8-8900-485C-B520-E929BA33F712}.Release|Any CPU.ActiveCfg = Release|Any CPU
		{E461C0A8-8900-485C-B520-E929BA33F712}.Release|Any CPU.Build.0 = Release|Any CPU
		{EF71BE98-5538-4087-B6A0-26B1CF50FED3}.Debug|Any CPU.ActiveCfg = Debug|Any CPU
		{EF71BE98-5538-4087-B6A0-26B1CF50FED3}.Debug|Any CPU.Build.0 = Debug|Any CPU
		{EF71BE98-5538-4087-B6A0-26B1CF50FED3}.Release|Any CPU.ActiveCfg = Release|Any CPU
		{EF71BE98-5538-4087-B6A0-26B1CF50FED3}.Release|Any CPU.Build.0 = Release|Any CPU
		{6061DE97-0D08-42F5-8564-1D077D34676C}.Debug|Any CPU.ActiveCfg = Debug|Any CPU
		{6061DE97-0D08-42F5-8564-1D077D34676C}.Debug|Any CPU.Build.0 = Debug|Any CPU
		{6061DE97-0D08-42F5-8564-1D077D34676C}.Release|Any CPU.ActiveCfg = Release|Any CPU
		{6061DE97-0D08-42F5-8564-1D077D34676C}.Release|Any CPU.Build.0 = Release|Any CPU
		{9666A25E-BC82-487A-A2BF-FF02E7DD010C}.Debug|Any CPU.ActiveCfg = Debug|Any CPU
		{9666A25E-BC82-487A-A2BF-FF02E7DD010C}.Debug|Any CPU.Build.0 = Debug|Any CPU
		{9666A25E-BC82-487A-A2BF-FF02E7DD010C}.Release|Any CPU.ActiveCfg = Release|Any CPU
		{9666A25E-BC82-487A-A2BF-FF02E7DD010C}.Release|Any CPU.Build.0 = Release|Any CPU
		{B475B59A-F884-43DD-9149-37F4DADC82F6}.Debug|Any CPU.ActiveCfg = Debug|Any CPU
		{B475B59A-F884-43DD-9149-37F4DADC82F6}.Debug|Any CPU.Build.0 = Debug|Any CPU
		{B475B59A-F884-43DD-9149-37F4DADC82F6}.Release|Any CPU.ActiveCfg = Release|Any CPU
		{B475B59A-F884-43DD-9149-37F4DADC82F6}.Release|Any CPU.Build.0 = Release|Any CPU
		{CE3E6F94-1BF6-4F9F-B406-8E476C3FDE99}.Debug|Any CPU.ActiveCfg = Debug|Any CPU
		{CE3E6F94-1BF6-4F9F-B406-8E476C3FDE99}.Debug|Any CPU.Build.0 = Debug|Any CPU
		{CE3E6F94-1BF6-4F9F-B406-8E476C3FDE99}.Release|Any CPU.ActiveCfg = Release|Any CPU
		{CE3E6F94-1BF6-4F9F-B406-8E476C3FDE99}.Release|Any CPU.Build.0 = Release|Any CPU
		{2075FFAD-8E0D-402B-8D86-71E6A976C97B}.Debug|Any CPU.ActiveCfg = Debug|Any CPU
		{2075FFAD-8E0D-402B-8D86-71E6A976C97B}.Debug|Any CPU.Build.0 = Debug|Any CPU
		{2075FFAD-8E0D-402B-8D86-71E6A976C97B}.Release|Any CPU.ActiveCfg = Release|Any CPU
		{2075FFAD-8E0D-402B-8D86-71E6A976C97B}.Release|Any CPU.Build.0 = Release|Any CPU
		{8C3A41B3-47C9-4105-B494-1094FA272B7C}.Debug|Any CPU.ActiveCfg = Debug|Any CPU
		{8C3A41B3-47C9-4105-B494-1094FA272B7C}.Debug|Any CPU.Build.0 = Debug|Any CPU
		{8C3A41B3-47C9-4105-B494-1094FA272B7C}.Release|Any CPU.ActiveCfg = Release|Any CPU
		{8C3A41B3-47C9-4105-B494-1094FA272B7C}.Release|Any CPU.Build.0 = Release|Any CPU
		{EAB8BDF3-D52D-45EC-BB22-B88040A1907B}.Debug|Any CPU.ActiveCfg = Debug|Any CPU
		{EAB8BDF3-D52D-45EC-BB22-B88040A1907B}.Debug|Any CPU.Build.0 = Debug|Any CPU
		{EAB8BDF3-D52D-45EC-BB22-B88040A1907B}.Release|Any CPU.ActiveCfg = Release|Any CPU
		{EAB8BDF3-D52D-45EC-BB22-B88040A1907B}.Release|Any CPU.Build.0 = Release|Any CPU
		{59DC0F8C-78BA-4F8A-872E-7612CD083DDE}.Debug|Any CPU.ActiveCfg = Debug|Any CPU
		{59DC0F8C-78BA-4F8A-872E-7612CD083DDE}.Debug|Any CPU.Build.0 = Debug|Any CPU
		{59DC0F8C-78BA-4F8A-872E-7612CD083DDE}.Release|Any CPU.ActiveCfg = Release|Any CPU
		{59DC0F8C-78BA-4F8A-872E-7612CD083DDE}.Release|Any CPU.Build.0 = Release|Any CPU
		{D476E4FB-8652-45BE-8593-F3581B97705B}.Debug|Any CPU.ActiveCfg = Debug|Any CPU
		{D476E4FB-8652-45BE-8593-F3581B97705B}.Debug|Any CPU.Build.0 = Debug|Any CPU
		{D476E4FB-8652-45BE-8593-F3581B97705B}.Release|Any CPU.ActiveCfg = Release|Any CPU
		{D476E4FB-8652-45BE-8593-F3581B97705B}.Release|Any CPU.Build.0 = Release|Any CPU
		{F4670213-B8B6-4EEA-ADD7-47CB59379CD7}.Debug|Any CPU.ActiveCfg = Debug|Any CPU
		{F4670213-B8B6-4EEA-ADD7-47CB59379CD7}.Debug|Any CPU.Build.0 = Debug|Any CPU
		{F4670213-B8B6-4EEA-ADD7-47CB59379CD7}.Release|Any CPU.ActiveCfg = Release|Any CPU
		{F4670213-B8B6-4EEA-ADD7-47CB59379CD7}.Release|Any CPU.Build.0 = Release|Any CPU
		{F60855E9-AA3B-45BC-A6A9-4592F9EFCB49}.Debug|Any CPU.ActiveCfg = Debug|Any CPU
		{F60855E9-AA3B-45BC-A6A9-4592F9EFCB49}.Debug|Any CPU.Build.0 = Debug|Any CPU
		{F60855E9-AA3B-45BC-A6A9-4592F9EFCB49}.Release|Any CPU.ActiveCfg = Release|Any CPU
		{F60855E9-AA3B-45BC-A6A9-4592F9EFCB49}.Release|Any CPU.Build.0 = Release|Any CPU
		{BBA76F47-1292-4F4E-A96F-142EACDD693B}.Debug|Any CPU.ActiveCfg = Debug|Any CPU
		{BBA76F47-1292-4F4E-A96F-142EACDD693B}.Debug|Any CPU.Build.0 = Debug|Any CPU
		{BBA76F47-1292-4F4E-A96F-142EACDD693B}.Release|Any CPU.ActiveCfg = Release|Any CPU
		{BBA76F47-1292-4F4E-A96F-142EACDD693B}.Release|Any CPU.Build.0 = Release|Any CPU
		{94B78F63-36D2-4AF6-9161-704E0C028707}.Debug|Any CPU.ActiveCfg = Debug|Any CPU
		{94B78F63-36D2-4AF6-9161-704E0C028707}.Debug|Any CPU.Build.0 = Debug|Any CPU
		{94B78F63-36D2-4AF6-9161-704E0C028707}.Release|Any CPU.ActiveCfg = Release|Any CPU
		{94B78F63-36D2-4AF6-9161-704E0C028707}.Release|Any CPU.Build.0 = Release|Any CPU
		{4218FFF4-CA1C-4E87-9E7C-6718FC1E7C1F}.Debug|Any CPU.ActiveCfg = Debug|Any CPU
		{4218FFF4-CA1C-4E87-9E7C-6718FC1E7C1F}.Debug|Any CPU.Build.0 = Debug|Any CPU
		{4218FFF4-CA1C-4E87-9E7C-6718FC1E7C1F}.Release|Any CPU.ActiveCfg = Release|Any CPU
		{4218FFF4-CA1C-4E87-9E7C-6718FC1E7C1F}.Release|Any CPU.Build.0 = Release|Any CPU
		{FA74DC63-223B-4DF4-B772-E147C90CEA87}.Debug|Any CPU.ActiveCfg = Debug|Any CPU
		{FA74DC63-223B-4DF4-B772-E147C90CEA87}.Debug|Any CPU.Build.0 = Debug|Any CPU
		{FA74DC63-223B-4DF4-B772-E147C90CEA87}.Release|Any CPU.ActiveCfg = Release|Any CPU
		{FA74DC63-223B-4DF4-B772-E147C90CEA87}.Release|Any CPU.Build.0 = Release|Any CPU
	EndGlobalSection
	GlobalSection(SolutionProperties) = preSolution
		HideSolutionNode = FALSE
	EndGlobalSection
	GlobalSection(NestedProjects) = preSolution
		{4D60E9EB-EE69-43E4-9C41-E180950B7618} = {FFF4AE6A-A160-4057-BE57-0C20DA517E3A}
		{36FC0ACD-F0C1-410C-B78F-A4112AEEF474} = {FFF4AE6A-A160-4057-BE57-0C20DA517E3A}
		{1FF8DB50-A05E-4F88-B1A9-D4FE77499873} = {3AED2F64-68CA-4623-83EA-9168242B200E}
		{3AED2F64-68CA-4623-83EA-9168242B200E} = {FFF4AE6A-A160-4057-BE57-0C20DA517E3A}
		{DE04DBA9-3B4A-4BF8-990E-48E499AEEA71} = {3AED2F64-68CA-4623-83EA-9168242B200E}
		{5A4F1DB6-FA96-4AF5-884C-26A6D8BC166D} = {3AED2F64-68CA-4623-83EA-9168242B200E}
		{F93D127D-DE03-4A90-96E8-8FA813E50CB9} = {94038163-E8CD-497E-80F4-BAA8C42B3B8A}
		{272D1AD0-D278-48A6-9CCE-14C292D5DC10} = {43946441-915A-4140-B056-AF32739032F1}
		{BB4E6CF6-5093-487D-90AF-036AF68541CD} = {C10B2932-8A88-4BA2-A104-ECA2C5852502}
		{C10B2932-8A88-4BA2-A104-ECA2C5852502} = {43946441-915A-4140-B056-AF32739032F1}
		{D2607A86-476C-4F83-A43C-6353922D3D44} = {C10B2932-8A88-4BA2-A104-ECA2C5852502}
		{DDD8E181-26AA-4236-9D4A-7B2696AA3514} = {14F540D0-33CF-4506-B0AA-123E6A0F3F96}
		{2754D27B-02D9-4050-871C-A1E4ED7E8B49} = {14F540D0-33CF-4506-B0AA-123E6A0F3F96}
		{3ED21F01-EE41-4877-890B-F08D05EF5924} = {14F540D0-33CF-4506-B0AA-123E6A0F3F96}
		{9192B5F7-5178-4009-A57B-F6700DBC8CD8} = {F77CE02B-298B-4E72-95A7-4D1644BABC8A}
		{7C779BFF-2E56-4419-B70F-DCB7741D755E} = {F77CE02B-298B-4E72-95A7-4D1644BABC8A}
		{2BFACDC3-F44D-4199-8498-F5C3C4AC0335} = {C4295653-B394-4316-B95A-193A0AF4675B}
		{E461C0A8-8900-485C-B520-E929BA33F712} = {C4295653-B394-4316-B95A-193A0AF4675B}
		{EF71BE98-5538-4087-B6A0-26B1CF50FED3} = {F77CE02B-298B-4E72-95A7-4D1644BABC8A}
		{6061DE97-0D08-42F5-8564-1D077D34676C} = {418B00DA-1DC0-43C6-951E-DC03BC28F6FD}
		{9666A25E-BC82-487A-A2BF-FF02E7DD010C} = {418B00DA-1DC0-43C6-951E-DC03BC28F6FD}
		{B475B59A-F884-43DD-9149-37F4DADC82F6} = {92D23F35-EDB7-4545-8639-3D916A7A0940}
		{6797E1F4-4B4C-480A-B659-3AC1F4CEEB70} = {92D23F35-EDB7-4545-8639-3D916A7A0940}
		{CE3E6F94-1BF6-4F9F-B406-8E476C3FDE99} = {6797E1F4-4B4C-480A-B659-3AC1F4CEEB70}
		{2075FFAD-8E0D-402B-8D86-71E6A976C97B} = {4B0AD0D8-875E-4F78-8035-675BB94FCC12}
		{8C3A41B3-47C9-4105-B494-1094FA272B7C} = {2B02B96A-5B35-42A4-A099-AB490FD67D55}
		{EAB8BDF3-D52D-45EC-BB22-B88040A1907B} = {2B02B96A-5B35-42A4-A099-AB490FD67D55}
		{59DC0F8C-78BA-4F8A-872E-7612CD083DDE} = {2B02B96A-5B35-42A4-A099-AB490FD67D55}
		{D476E4FB-8652-45BE-8593-F3581B97705B} = {FBE9BD5F-047F-48A9-B350-89285EA61F82}
		{F4670213-B8B6-4EEA-ADD7-47CB59379CD7} = {FBE9BD5F-047F-48A9-B350-89285EA61F82}
		{F60855E9-AA3B-45BC-A6A9-4592F9EFCB49} = {FBE9BD5F-047F-48A9-B350-89285EA61F82}
		{BBA76F47-1292-4F4E-A96F-142EACDD693B} = {5FA642AC-0103-4C1C-8996-7BF92CB4DA38}
		{94B78F63-36D2-4AF6-9161-704E0C028707} = {8D73A280-03D2-4D12-922D-13625315A6E8}
		{4218FFF4-CA1C-4E87-9E7C-6718FC1E7C1F} = {19FFCF65-9A26-4BCB-A450-9FCD98270DF0}
		{FA74DC63-223B-4DF4-B772-E147C90CEA87} = {954C71AD-51D8-4E4E-904E-3107760DDCCC}
	EndGlobalSection
	GlobalSection(ExtensibilityGlobals) = postSolution
		SolutionGuid = {B107EBBB-16D0-42ED-BBE7-9FF0BAA5ECEC}
	EndGlobalSection
EndGlobal
