
Microsoft Visual Studio Solution File, Format Version 12.00
# Visual Studio Version 16
VisualStudioVersion = 16.0.31313.79
MinimumVisualStudioVersion = 10.0.40219.1
Project("{2150E333-8FDC-42A3-9474-1A3956D46DE8}") = "Chapter02", "Chapter02", "{FFF4AE6A-A160-4057-BE57-0C20DA517E3A}"
EndProject
Project("{FAE04EC0-301F-11D3-BF4B-00C04F79EFBC}") = "DistanceConverter", "DistanceConverter\DistanceConverter.csproj", "{4D60E9EB-EE69-43E4-9C41-E180950B7618}"
EndProject
Project("{FAE04EC0-301F-11D3-BF4B-00C04F79EFBC}") = "SalesCalculator", "SalesCalculator\SalesCalculator.csproj", "{36FC0ACD-F0C1-410C-B78F-A4112AEEF474}"
EndProject
Project("{FAE04EC0-301F-11D3-BF4B-00C04F79EFBC}") = "Exercise1", "Exercise1\Exercise1.csproj", "{1FF8DB50-A05E-4F88-B1A9-D4FE77499873}"
EndProject
Project("{2150E333-8FDC-42A3-9474-1A3956D46DE8}") = "Exercise", "Exercise", "{3AED2F64-68CA-4623-83EA-9168242B200E}"
EndProject
Project("{FAE04EC0-301F-11D3-BF4B-00C04F79EFBC}") = "Exercise2", "Exercise2\Exercise2.csproj", "{DE04DBA9-3B4A-4BF8-990E-48E499AEEA71}"
EndProject
Project("{FAE04EC0-301F-11D3-BF4B-00C04F79EFBC}") = "Exercise3", "Exercise3\Exercise3.csproj", "{5A4F1DB6-FA96-4AF5-884C-26A6D8BC166D}"
EndProject
Project("{2150E333-8FDC-42A3-9474-1A3956D46DE8}") = "Chapter03", "Chapter03", "{94038163-E8CD-497E-80F4-BAA8C42B3B8A}"
EndProject
Project("{FAE04EC0-301F-11D3-BF4B-00C04F79EFBC}") = "Section01", "Section01\Section01.csproj", "{F93D127D-DE03-4A90-96E8-8FA813E50CB9}"
EndProject
Project("{FAE04EC0-301F-11D3-BF4B-00C04F79EFBC}") = "Section01", "Chapter04\Section01\Section01.csproj", "{272D1AD0-D278-48A6-9CCE-14C292D5DC10}"
EndProject
Project("{2150E333-8FDC-42A3-9474-1A3956D46DE8}") = "Chapter04", "Chapter04", "{43946441-915A-4140-B056-AF32739032F1}"
	ProjectSection(SolutionItems) = preProject
		\\172.16.42.1\学生共有\#infosys2021\１期目\Person.cs = \\172.16.42.1\学生共有\#infosys2021\１期目\Person.cs
	EndProjectSection
EndProject
Project("{FAE04EC0-301F-11D3-BF4B-00C04F79EFBC}") = "Exercise1", "Chapter04\Exercise\Exercise1\Exercise1.csproj", "{BB4E6CF6-5093-487D-90AF-036AF68541CD}"
EndProject
Project("{2150E333-8FDC-42A3-9474-1A3956D46DE8}") = "Exercise", "Exercise", "{C10B2932-8A88-4BA2-A104-ECA2C5852502}"
EndProject
Project("{FAE04EC0-301F-11D3-BF4B-00C04F79EFBC}") = "Exercise2", "Chapter04\Exercise\Exercise2\Exercise2.csproj", "{D2607A86-476C-4F83-A43C-6353922D3D44}"
EndProject
Global
	GlobalSection(SolutionConfigurationPlatforms) = preSolution
		Debug|Any CPU = Debug|Any CPU
		Release|Any CPU = Release|Any CPU
	EndGlobalSection
	GlobalSection(ProjectConfigurationPlatforms) = postSolution
		{4D60E9EB-EE69-43E4-9C41-E180950B7618}.Debug|Any CPU.ActiveCfg = Debug|Any CPU
		{4D60E9EB-EE69-43E4-9C41-E180950B7618}.Debug|Any CPU.Build.0 = Debug|Any CPU
		{4D60E9EB-EE69-43E4-9C41-E180950B7618}.Release|Any CPU.ActiveCfg = Release|Any CPU
		{4D60E9EB-EE69-43E4-9C41-E180950B7618}.Release|Any CPU.Build.0 = Release|Any CPU
		{36FC0ACD-F0C1-410C-B78F-A4112AEEF474}.Debug|Any CPU.ActiveCfg = Debug|Any CPU
		{36FC0ACD-F0C1-410C-B78F-A4112AEEF474}.Debug|Any CPU.Build.0 = Debug|Any CPU
		{36FC0ACD-F0C1-410C-B78F-A4112AEEF474}.Release|Any CPU.ActiveCfg = Release|Any CPU
		{36FC0ACD-F0C1-410C-B78F-A4112AEEF474}.Release|Any CPU.Build.0 = Release|Any CPU
		{1FF8DB50-A05E-4F88-B1A9-D4FE77499873}.Debug|Any CPU.ActiveCfg = Debug|Any CPU
		{1FF8DB50-A05E-4F88-B1A9-D4FE77499873}.Debug|Any CPU.Build.0 = Debug|Any CPU
		{1FF8DB50-A05E-4F88-B1A9-D4FE77499873}.Release|Any CPU.ActiveCfg = Release|Any CPU
		{1FF8DB50-A05E-4F88-B1A9-D4FE77499873}.Release|Any CPU.Build.0 = Release|Any CPU
		{DE04DBA9-3B4A-4BF8-990E-48E499AEEA71}.Debug|Any CPU.ActiveCfg = Debug|Any CPU
		{DE04DBA9-3B4A-4BF8-990E-48E499AEEA71}.Debug|Any CPU.Build.0 = Debug|Any CPU
		{DE04DBA9-3B4A-4BF8-990E-48E499AEEA71}.Release|Any CPU.ActiveCfg = Release|Any CPU
		{DE04DBA9-3B4A-4BF8-990E-48E499AEEA71}.Release|Any CPU.Build.0 = Release|Any CPU
		{5A4F1DB6-FA96-4AF5-884C-26A6D8BC166D}.Debug|Any CPU.ActiveCfg = Debug|Any CPU
		{5A4F1DB6-FA96-4AF5-884C-26A6D8BC166D}.Debug|Any CPU.Build.0 = Debug|Any CPU
		{5A4F1DB6-FA96-4AF5-884C-26A6D8BC166D}.Release|Any CPU.ActiveCfg = Release|Any CPU
		{5A4F1DB6-FA96-4AF5-884C-26A6D8BC166D}.Release|Any CPU.Build.0 = Release|Any CPU
		{F93D127D-DE03-4A90-96E8-8FA813E50CB9}.Debug|Any CPU.ActiveCfg = Debug|Any CPU
		{F93D127D-DE03-4A90-96E8-8FA813E50CB9}.Debug|Any CPU.Build.0 = Debug|Any CPU
		{F93D127D-DE03-4A90-96E8-8FA813E50CB9}.Release|Any CPU.ActiveCfg = Release|Any CPU
		{F93D127D-DE03-4A90-96E8-8FA813E50CB9}.Release|Any CPU.Build.0 = Release|Any CPU
		{272D1AD0-D278-48A6-9CCE-14C292D5DC10}.Debug|Any CPU.ActiveCfg = Debug|Any CPU
		{272D1AD0-D278-48A6-9CCE-14C292D5DC10}.Debug|Any CPU.Build.0 = Debug|Any CPU
		{272D1AD0-D278-48A6-9CCE-14C292D5DC10}.Release|Any CPU.ActiveCfg = Release|Any CPU
		{272D1AD0-D278-48A6-9CCE-14C292D5DC10}.Release|Any CPU.Build.0 = Release|Any CPU
		{BB4E6CF6-5093-487D-90AF-036AF68541CD}.Debug|Any CPU.ActiveCfg = Debug|Any CPU
		{BB4E6CF6-5093-487D-90AF-036AF68541CD}.Debug|Any CPU.Build.0 = Debug|Any CPU
		{BB4E6CF6-5093-487D-90AF-036AF68541CD}.Release|Any CPU.ActiveCfg = Release|Any CPU
		{BB4E6CF6-5093-487D-90AF-036AF68541CD}.Release|Any CPU.Build.0 = Release|Any CPU
		{D2607A86-476C-4F83-A43C-6353922D3D44}.Debug|Any CPU.ActiveCfg = Debug|Any CPU
		{D2607A86-476C-4F83-A43C-6353922D3D44}.Debug|Any CPU.Build.0 = Debug|Any CPU
		{D2607A86-476C-4F83-A43C-6353922D3D44}.Release|Any CPU.ActiveCfg = Release|Any CPU
		{D2607A86-476C-4F83-A43C-6353922D3D44}.Release|Any CPU.Build.0 = Release|Any CPU
	EndGlobalSection
	GlobalSection(SolutionProperties) = preSolution
		HideSolutionNode = FALSE
	EndGlobalSection
	GlobalSection(NestedProjects) = preSolution
		{4D60E9EB-EE69-43E4-9C41-E180950B7618} = {FFF4AE6A-A160-4057-BE57-0C20DA517E3A}
		{36FC0ACD-F0C1-410C-B78F-A4112AEEF474} = {FFF4AE6A-A160-4057-BE57-0C20DA517E3A}
		{1FF8DB50-A05E-4F88-B1A9-D4FE77499873} = {3AED2F64-68CA-4623-83EA-9168242B200E}
		{3AED2F64-68CA-4623-83EA-9168242B200E} = {FFF4AE6A-A160-4057-BE57-0C20DA517E3A}
		{DE04DBA9-3B4A-4BF8-990E-48E499AEEA71} = {3AED2F64-68CA-4623-83EA-9168242B200E}
		{5A4F1DB6-FA96-4AF5-884C-26A6D8BC166D} = {3AED2F64-68CA-4623-83EA-9168242B200E}
		{F93D127D-DE03-4A90-96E8-8FA813E50CB9} = {94038163-E8CD-497E-80F4-BAA8C42B3B8A}
		{272D1AD0-D278-48A6-9CCE-14C292D5DC10} = {43946441-915A-4140-B056-AF32739032F1}
		{BB4E6CF6-5093-487D-90AF-036AF68541CD} = {C10B2932-8A88-4BA2-A104-ECA2C5852502}
		{C10B2932-8A88-4BA2-A104-ECA2C5852502} = {43946441-915A-4140-B056-AF32739032F1}
		{D2607A86-476C-4F83-A43C-6353922D3D44} = {C10B2932-8A88-4BA2-A104-ECA2C5852502}
	EndGlobalSection
	GlobalSection(ExtensibilityGlobals) = postSolution
		SolutionGuid = {B107EBBB-16D0-42ED-BBE7-9FF0BAA5ECEC}
	EndGlobalSection
EndGlobal
